
Microsoft Visual Studio Solution File, Format Version 12.00
# Visual Studio Version 16
VisualStudioVersion = 16.0.31105.61
MinimumVisualStudioVersion = 10.0.40219.1
Project("{FAE04EC0-301F-11D3-BF4B-00C04F79EFBC}") = "OilTycoon", "OilTycoon.csproj", "{F3BD773C-388E-4F87-89C8-4172CB786B58}"
EndProject
Global
	GlobalSection(SolutionConfigurationPlatforms) = preSolution
		Debug|Any CPU = Debug|Any CPU
		Release|Any CPU = Release|Any CPU
	EndGlobalSection
	GlobalSection(ProjectConfigurationPlatforms) = postSolution
		{F3BD773C-388E-4F87-89C8-4172CB786B58}.Debug|Any CPU.ActiveCfg = Debug|Any CPU
		{F3BD773C-388E-4F87-89C8-4172CB786B58}.Debug|Any CPU.Build.0 = Debug|Any CPU
		{F3BD773C-388E-4F87-89C8-4172CB786B58}.Release|Any CPU.ActiveCfg = Release|Any CPU
		{F3BD773C-388E-4F87-89C8-4172CB786B58}.Release|Any CPU.Build.0 = Release|Any CPU
	EndGlobalSection
	GlobalSection(SolutionProperties) = preSolution
		HideSolutionNode = FALSE
	EndGlobalSection
	GlobalSection(ExtensibilityGlobals) = postSolution
		SolutionGuid = {87D1896F-7628-4234-860C-5D9D6A1D2064}
	EndGlobalSection
EndGlobal
